
Microsoft Visual Studio Solution File, Format Version 12.00
# Visual Studio Version 17
VisualStudioVersion = 17.0.31903.59
MinimumVisualStudioVersion = 10.0.40219.1
Project("{2150E333-8FDC-42A3-9474-1A3956D46DE8}") = "src", "src", "{054F67D5-2877-4242-B32A-8D448B5C5619}"
EndProject
Project("{2150E333-8FDC-42A3-9474-1A3956D46DE8}") = "Core", "Core", "{7A3E1A68-2D0A-44B1-8172-CAEFD0E3A761}"
EndProject
Project("{FAE04EC0-301F-11D3-BF4B-00C04F79EFBC}") = "Domic.Common", "src\Core\Domic.Common\Domic.Common.csproj", "{7741D1E6-5178-4190-9F1F-615CEC5B8C14}"
EndProject
Project("{FAE04EC0-301F-11D3-BF4B-00C04F79EFBC}") = "Domic.Domain", "src\Core\Domic.Domain\Domic.Domain.csproj", "{F0CFFE8B-A1C6-479A-B57B-F3526A399B11}"
EndProject
Project("{FAE04EC0-301F-11D3-BF4B-00C04F79EFBC}") = "Domic.UseCase", "src\Core\Domic.UseCase\Domic.UseCase.csproj", "{130F9130-2F2B-4796-ADFD-7B8BE0162A23}"
EndProject
Project("{2150E333-8FDC-42A3-9474-1A3956D46DE8}") = "Infrastructure", "Infrastructure", "{99E5C5AD-8C61-4CB7-81AE-18BF9EA33D23}"
EndProject
Project("{FAE04EC0-301F-11D3-BF4B-00C04F79EFBC}") = "Domic.Infrastructure", "src\Infrastructure\Domic.Infrastructure\Domic.Infrastructure.csproj", "{0E67EE76-3941-4775-A7A2-2BC4AA9E52A5}"
EndProject
Project("{FAE04EC0-301F-11D3-BF4B-00C04F79EFBC}") = "Domic.Persistence", "src\Infrastructure\Domic.Persistence\Domic.Persistence.csproj", "{7C5F9D51-EECA-4D39-8CC3-28E74B76C7CA}"
EndProject
Project("{2150E333-8FDC-42A3-9474-1A3956D46DE8}") = "Presentation", "Presentation", "{271A7878-D78D-4DF3-8549-6E03F4632D4E}"
EndProject
Project("{FAE04EC0-301F-11D3-BF4B-00C04F79EFBC}") = "Domic.WebAPI", "src\Presentation\Domic.WebAPI\Domic.WebAPI.csproj", "{E2BA5C25-A467-4596-8141-1622A5C1ABCF}"
EndProject
Project("{2150E333-8FDC-42A3-9474-1A3956D46DE8}") = "test", "test", "{379BB888-EA59-4932-A79F-7F515A503DD7}"
EndProject
Project("{2150E333-8FDC-42A3-9474-1A3956D46DE8}") = "E2ETests", "E2ETests", "{93298177-7006-4598-9B8A-D56541461115}"
EndProject
Project("{FAE04EC0-301F-11D3-BF4B-00C04F79EFBC}") = "Presentation", "test\E2ETests\Presentation\Presentation.csproj", "{8B640533-5F06-4E66-B81A-AA4C94BBB6B8}"
EndProject
Project("{2150E333-8FDC-42A3-9474-1A3956D46DE8}") = "IntegrationTests", "IntegrationTests", "{C37AB278-3304-4740-AE12-6BE4CC6260F3}"
EndProject
Project("{FAE04EC0-301F-11D3-BF4B-00C04F79EFBC}") = "Infrastructure", "test\IntegrationTests\Infrastructure\Infrastructure.csproj", "{D77202E5-9B48-4C9D-8CCF-66B8B57DE532}"
EndProject
Project("{FAE04EC0-301F-11D3-BF4B-00C04F79EFBC}") = "Presentation", "test\IntegrationTests\Presentation\Presentation.csproj", "{13BB8787-5177-4CFF-970C-35D160F5B20D}"
EndProject
Project("{2150E333-8FDC-42A3-9474-1A3956D46DE8}") = "UnitTests", "UnitTests", "{4EDAA1F0-7282-46ED-984D-AB8A117A6D8B}"
EndProject
Project("{FAE04EC0-301F-11D3-BF4B-00C04F79EFBC}") = "Core", "test\UnitTests\Core\Core.csproj", "{4FF4D39E-C1DC-4F49-BB2F-23CA4CAAD987}"
EndProject
Project("{FAE04EC0-301F-11D3-BF4B-00C04F79EFBC}") = "Infrastructure", "test\UnitTests\Infrastructure\Infrastructure.csproj", "{ECB56E84-C251-48ED-AB8A-F882AE9CF23B}"
EndProject
Project("{FAE04EC0-301F-11D3-BF4B-00C04F79EFBC}") = "Presentation", "test\UnitTests\Presentation\Presentation.csproj", "{7D7E4376-7093-4629-B634-1D56B1A8A2E0}"
EndProject
Global
	GlobalSection(SolutionConfigurationPlatforms) = preSolution
		Debug|Any CPU = Debug|Any CPU
		Release|Any CPU = Release|Any CPU
	EndGlobalSection
	GlobalSection(SolutionProperties) = preSolution
		HideSolutionNode = FALSE
	EndGlobalSection
	GlobalSection(ProjectConfigurationPlatforms) = postSolution
		{7741D1E6-5178-4190-9F1F-615CEC5B8C14}.Debug|Any CPU.ActiveCfg = Debug|Any CPU
		{7741D1E6-5178-4190-9F1F-615CEC5B8C14}.Debug|Any CPU.Build.0 = Debug|Any CPU
		{7741D1E6-5178-4190-9F1F-615CEC5B8C14}.Release|Any CPU.ActiveCfg = Release|Any CPU
		{7741D1E6-5178-4190-9F1F-615CEC5B8C14}.Release|Any CPU.Build.0 = Release|Any CPU
		{F0CFFE8B-A1C6-479A-B57B-F3526A399B11}.Debug|Any CPU.ActiveCfg = Debug|Any CPU
		{F0CFFE8B-A1C6-479A-B57B-F3526A399B11}.Debug|Any CPU.Build.0 = Debug|Any CPU
		{F0CFFE8B-A1C6-479A-B57B-F3526A399B11}.Release|Any CPU.ActiveCfg = Release|Any CPU
		{F0CFFE8B-A1C6-479A-B57B-F3526A399B11}.Release|Any CPU.Build.0 = Release|Any CPU
		{130F9130-2F2B-4796-ADFD-7B8BE0162A23}.Debug|Any CPU.ActiveCfg = Debug|Any CPU
		{130F9130-2F2B-4796-ADFD-7B8BE0162A23}.Debug|Any CPU.Build.0 = Debug|Any CPU
		{130F9130-2F2B-4796-ADFD-7B8BE0162A23}.Release|Any CPU.ActiveCfg = Release|Any CPU
		{130F9130-2F2B-4796-ADFD-7B8BE0162A23}.Release|Any CPU.Build.0 = Release|Any CPU
		{0E67EE76-3941-4775-A7A2-2BC4AA9E52A5}.Debug|Any CPU.ActiveCfg = Debug|Any CPU
		{0E67EE76-3941-4775-A7A2-2BC4AA9E52A5}.Debug|Any CPU.Build.0 = Debug|Any CPU
		{0E67EE76-3941-4775-A7A2-2BC4AA9E52A5}.Release|Any CPU.ActiveCfg = Release|Any CPU
		{0E67EE76-3941-4775-A7A2-2BC4AA9E52A5}.Release|Any CPU.Build.0 = Release|Any CPU
		{7C5F9D51-EECA-4D39-8CC3-28E74B76C7CA}.Debug|Any CPU.ActiveCfg = Debug|Any CPU
		{7C5F9D51-EECA-4D39-8CC3-28E74B76C7CA}.Debug|Any CPU.Build.0 = Debug|Any CPU
		{7C5F9D51-EECA-4D39-8CC3-28E74B76C7CA}.Release|Any CPU.ActiveCfg = Release|Any CPU
		{7C5F9D51-EECA-4D39-8CC3-28E74B76C7CA}.Release|Any CPU.Build.0 = Release|Any CPU
		{E2BA5C25-A467-4596-8141-1622A5C1ABCF}.Debug|Any CPU.ActiveCfg = Debug|Any CPU
		{E2BA5C25-A467-4596-8141-1622A5C1ABCF}.Debug|Any CPU.Build.0 = Debug|Any CPU
		{E2BA5C25-A467-4596-8141-1622A5C1ABCF}.Release|Any CPU.ActiveCfg = Release|Any CPU
		{E2BA5C25-A467-4596-8141-1622A5C1ABCF}.Release|Any CPU.Build.0 = Release|Any CPU
		{8B640533-5F06-4E66-B81A-AA4C94BBB6B8}.Debug|Any CPU.ActiveCfg = Debug|Any CPU
		{8B640533-5F06-4E66-B81A-AA4C94BBB6B8}.Debug|Any CPU.Build.0 = Debug|Any CPU
		{8B640533-5F06-4E66-B81A-AA4C94BBB6B8}.Release|Any CPU.ActiveCfg = Release|Any CPU
		{8B640533-5F06-4E66-B81A-AA4C94BBB6B8}.Release|Any CPU.Build.0 = Release|Any CPU
		{D77202E5-9B48-4C9D-8CCF-66B8B57DE532}.Debug|Any CPU.ActiveCfg = Debug|Any CPU
		{D77202E5-9B48-4C9D-8CCF-66B8B57DE532}.Debug|Any CPU.Build.0 = Debug|Any CPU
		{D77202E5-9B48-4C9D-8CCF-66B8B57DE532}.Release|Any CPU.ActiveCfg = Release|Any CPU
		{D77202E5-9B48-4C9D-8CCF-66B8B57DE532}.Release|Any CPU.Build.0 = Release|Any CPU
		{13BB8787-5177-4CFF-970C-35D160F5B20D}.Debug|Any CPU.ActiveCfg = Debug|Any CPU
		{13BB8787-5177-4CFF-970C-35D160F5B20D}.Debug|Any CPU.Build.0 = Debug|Any CPU
		{13BB8787-5177-4CFF-970C-35D160F5B20D}.Release|Any CPU.ActiveCfg = Release|Any CPU
		{13BB8787-5177-4CFF-970C-35D160F5B20D}.Release|Any CPU.Build.0 = Release|Any CPU
		{4FF4D39E-C1DC-4F49-BB2F-23CA4CAAD987}.Debug|Any CPU.ActiveCfg = Debug|Any CPU
		{4FF4D39E-C1DC-4F49-BB2F-23CA4CAAD987}.Debug|Any CPU.Build.0 = Debug|Any CPU
		{4FF4D39E-C1DC-4F49-BB2F-23CA4CAAD987}.Release|Any CPU.ActiveCfg = Release|Any CPU
		{4FF4D39E-C1DC-4F49-BB2F-23CA4CAAD987}.Release|Any CPU.Build.0 = Release|Any CPU
		{ECB56E84-C251-48ED-AB8A-F882AE9CF23B}.Debug|Any CPU.ActiveCfg = Debug|Any CPU
		{ECB56E84-C251-48ED-AB8A-F882AE9CF23B}.Debug|Any CPU.Build.0 = Debug|Any CPU
		{ECB56E84-C251-48ED-AB8A-F882AE9CF23B}.Release|Any CPU.ActiveCfg = Release|Any CPU
		{ECB56E84-C251-48ED-AB8A-F882AE9CF23B}.Release|Any CPU.Build.0 = Release|Any CPU
		{7D7E4376-7093-4629-B634-1D56B1A8A2E0}.Debug|Any CPU.ActiveCfg = Debug|Any CPU
		{7D7E4376-7093-4629-B634-1D56B1A8A2E0}.Debug|Any CPU.Build.0 = Debug|Any CPU
		{7D7E4376-7093-4629-B634-1D56B1A8A2E0}.Release|Any CPU.ActiveCfg = Release|Any CPU
		{7D7E4376-7093-4629-B634-1D56B1A8A2E0}.Release|Any CPU.Build.0 = Release|Any CPU
	EndGlobalSection
	GlobalSection(NestedProjects) = preSolution
		{7A3E1A68-2D0A-44B1-8172-CAEFD0E3A761} = {054F67D5-2877-4242-B32A-8D448B5C5619}
		{7741D1E6-5178-4190-9F1F-615CEC5B8C14} = {7A3E1A68-2D0A-44B1-8172-CAEFD0E3A761}
		{F0CFFE8B-A1C6-479A-B57B-F3526A399B11} = {7A3E1A68-2D0A-44B1-8172-CAEFD0E3A761}
		{130F9130-2F2B-4796-ADFD-7B8BE0162A23} = {7A3E1A68-2D0A-44B1-8172-CAEFD0E3A761}
		{99E5C5AD-8C61-4CB7-81AE-18BF9EA33D23} = {054F67D5-2877-4242-B32A-8D448B5C5619}
		{0E67EE76-3941-4775-A7A2-2BC4AA9E52A5} = {99E5C5AD-8C61-4CB7-81AE-18BF9EA33D23}
		{7C5F9D51-EECA-4D39-8CC3-28E74B76C7CA} = {99E5C5AD-8C61-4CB7-81AE-18BF9EA33D23}
		{271A7878-D78D-4DF3-8549-6E03F4632D4E} = {054F67D5-2877-4242-B32A-8D448B5C5619}
		{E2BA5C25-A467-4596-8141-1622A5C1ABCF} = {271A7878-D78D-4DF3-8549-6E03F4632D4E}
		{93298177-7006-4598-9B8A-D56541461115} = {379BB888-EA59-4932-A79F-7F515A503DD7}
		{8B640533-5F06-4E66-B81A-AA4C94BBB6B8} = {93298177-7006-4598-9B8A-D56541461115}
		{C37AB278-3304-4740-AE12-6BE4CC6260F3} = {379BB888-EA59-4932-A79F-7F515A503DD7}
		{D77202E5-9B48-4C9D-8CCF-66B8B57DE532} = {C37AB278-3304-4740-AE12-6BE4CC6260F3}
		{13BB8787-5177-4CFF-970C-35D160F5B20D} = {C37AB278-3304-4740-AE12-6BE4CC6260F3}
		{4EDAA1F0-7282-46ED-984D-AB8A117A6D8B} = {379BB888-EA59-4932-A79F-7F515A503DD7}
		{4FF4D39E-C1DC-4F49-BB2F-23CA4CAAD987} = {4EDAA1F0-7282-46ED-984D-AB8A117A6D8B}
		{ECB56E84-C251-48ED-AB8A-F882AE9CF23B} = {4EDAA1F0-7282-46ED-984D-AB8A117A6D8B}
		{7D7E4376-7093-4629-B634-1D56B1A8A2E0} = {4EDAA1F0-7282-46ED-984D-AB8A117A6D8B}
	EndGlobalSection
EndGlobal
